
Microsoft Visual Studio Solution File, Format Version 12.00
# Visual Studio 15
VisualStudioVersion = 15.0.27703.2042
MinimumVisualStudioVersion = 10.0.40219.1
Project("{FAE04EC0-301F-11D3-BF4B-00C04F79EFBC}") = "QLQuanAn", "QLQuanAn\QLQuanAn.csproj", "{F967C678-6045-4F56-BA07-0D14147939A4}"
EndProject
Project("{FAE04EC0-301F-11D3-BF4B-00C04F79EFBC}") = "DAL", "DAL\DAL.csproj", "{16AFF103-C890-4A98-9309-F8E3AE8F1069}"
EndProject
Project("{FAE04EC0-301F-11D3-BF4B-00C04F79EFBC}") = "BUS", "BUS\BUS.csproj", "{87B89148-A933-45DA-A87B-DD481AD9B4FD}"
EndProject
Global
	GlobalSection(SolutionConfigurationPlatforms) = preSolution
		Debug|Any CPU = Debug|Any CPU
		Release|Any CPU = Release|Any CPU
	EndGlobalSection
	GlobalSection(ProjectConfigurationPlatforms) = postSolution
		{F967C678-6045-4F56-BA07-0D14147939A4}.Debug|Any CPU.ActiveCfg = Debug|Any CPU
		{F967C678-6045-4F56-BA07-0D14147939A4}.Debug|Any CPU.Build.0 = Debug|Any CPU
		{F967C678-6045-4F56-BA07-0D14147939A4}.Release|Any CPU.ActiveCfg = Release|Any CPU
		{F967C678-6045-4F56-BA07-0D14147939A4}.Release|Any CPU.Build.0 = Release|Any CPU
		{16AFF103-C890-4A98-9309-F8E3AE8F1069}.Debug|Any CPU.ActiveCfg = Debug|Any CPU
		{16AFF103-C890-4A98-9309-F8E3AE8F1069}.Debug|Any CPU.Build.0 = Debug|Any CPU
		{16AFF103-C890-4A98-9309-F8E3AE8F1069}.Release|Any CPU.ActiveCfg = Release|Any CPU
		{16AFF103-C890-4A98-9309-F8E3AE8F1069}.Release|Any CPU.Build.0 = Release|Any CPU
		{87B89148-A933-45DA-A87B-DD481AD9B4FD}.Debug|Any CPU.ActiveCfg = Debug|Any CPU
		{87B89148-A933-45DA-A87B-DD481AD9B4FD}.Debug|Any CPU.Build.0 = Debug|Any CPU
		{87B89148-A933-45DA-A87B-DD481AD9B4FD}.Release|Any CPU.ActiveCfg = Release|Any CPU
		{87B89148-A933-45DA-A87B-DD481AD9B4FD}.Release|Any CPU.Build.0 = Release|Any CPU
	EndGlobalSection
	GlobalSection(SolutionProperties) = preSolution
		HideSolutionNode = FALSE
	EndGlobalSection
	GlobalSection(ExtensibilityGlobals) = postSolution
		SolutionGuid = {720B6F34-C93E-422E-B57E-AD861CCA6964}
	EndGlobalSection
EndGlobal
